
Microsoft Visual Studio Solution File, Format Version 12.00
# Visual Studio Version 17
VisualStudioVersion = 17.2.32516.85
MinimumVisualStudioVersion = 10.0.40219.1
Project("{FAE04EC0-301F-11D3-BF4B-00C04F79EFBC}") = "Api", "Api\Api.csproj", "{4DCFDB1F-34C1-455E-A94F-426E87B082E2}"
EndProject
Project("{FAE04EC0-301F-11D3-BF4B-00C04F79EFBC}") = "Models", "Models\Models.csproj", "{C9351706-8EB0-4EA9-AC64-4666741FE642}"
EndProject
Global
	GlobalSection(SolutionConfigurationPlatforms) = preSolution
		Debug|Any CPU = Debug|Any CPU
		Release|Any CPU = Release|Any CPU
	EndGlobalSection
	GlobalSection(ProjectConfigurationPlatforms) = postSolution
		{4DCFDB1F-34C1-455E-A94F-426E87B082E2}.Debug|Any CPU.ActiveCfg = Debug|Any CPU
		{4DCFDB1F-34C1-455E-A94F-426E87B082E2}.Debug|Any CPU.Build.0 = Debug|Any CPU
		{4DCFDB1F-34C1-455E-A94F-426E87B082E2}.Release|Any CPU.ActiveCfg = Release|Any CPU
		{4DCFDB1F-34C1-455E-A94F-426E87B082E2}.Release|Any CPU.Build.0 = Release|Any CPU
		{C9351706-8EB0-4EA9-AC64-4666741FE642}.Debug|Any CPU.ActiveCfg = Debug|Any CPU
		{C9351706-8EB0-4EA9-AC64-4666741FE642}.Debug|Any CPU.Build.0 = Debug|Any CPU
		{C9351706-8EB0-4EA9-AC64-4666741FE642}.Release|Any CPU.ActiveCfg = Release|Any CPU
		{C9351706-8EB0-4EA9-AC64-4666741FE642}.Release|Any CPU.Build.0 = Release|Any CPU
	EndGlobalSection
	GlobalSection(SolutionProperties) = preSolution
		HideSolutionNode = FALSE
	EndGlobalSection
	GlobalSection(ExtensibilityGlobals) = postSolution
		SolutionGuid = {E0265BBE-1C61-447F-9920-61A60CBE3E41}
	EndGlobalSection
EndGlobal
